// !$*UTF8*$!
{
	archiveVersion = 1;
	classes = {
	};
	objectVersion = 46;
	objects = {

/* Begin PBXBuildFile section */
		E5067B311C0FE40E00C7C081 /* LDWHDF5Dataset.swift in Sources */ = {isa = PBXBuildFile; fileRef = E5067B301C0FE40E00C7C081 /* LDWHDF5Dataset.swift */; };
		E52E0F551C0BF95000345771 /* AppDelegate.swift in Sources */ = {isa = PBXBuildFile; fileRef = E52E0F541C0BF95000345771 /* AppDelegate.swift */; };
		E52E0F571C0BF95000345771 /* LDWOpalDocument.swift in Sources */ = {isa = PBXBuildFile; fileRef = E52E0F561C0BF95000345771 /* LDWOpalDocument.swift */; };
		E52E0F5A1C0BF95000345771 /* LDWOpalDocument.xib in Resources */ = {isa = PBXBuildFile; fileRef = E52E0F581C0BF95000345771 /* LDWOpalDocument.xib */; };
		E52E0F5C1C0BF95000345771 /* Assets.xcassets in Resources */ = {isa = PBXBuildFile; fileRef = E52E0F5B1C0BF95000345771 /* Assets.xcassets */; };
		E52E0F5F1C0BF95000345771 /* MainMenu.xib in Resources */ = {isa = PBXBuildFile; fileRef = E52E0F5D1C0BF95000345771 /* MainMenu.xib */; };
		E566807E1C0FCAD000B67B8A /* LDWOpalData.swift in Sources */ = {isa = PBXBuildFile; fileRef = E566807D1C0FCAD000B67B8A /* LDWOpalData.swift */; };
		E59FFB861C17AFC100EDB825 /* LabBot.framework in Frameworks */ = {isa = PBXBuildFile; fileRef = E59FFB851C17AFC100EDB825 /* LabBot.framework */; };
/* End PBXBuildFile section */

/* Begin PBXFileReference section */
		E5067B301C0FE40E00C7C081 /* LDWHDF5Dataset.swift */ = {isa = PBXFileReference; fileEncoding = 4; lastKnownFileType = sourcecode.swift; path = LDWHDF5Dataset.swift; sourceTree = "<group>"; };
		E52E0F511C0BF94F00345771 /* OpalStability.app */ = {isa = PBXFileReference; explicitFileType = wrapper.application; includeInIndex = 0; path = OpalStability.app; sourceTree = BUILT_PRODUCTS_DIR; };
		E52E0F541C0BF95000345771 /* AppDelegate.swift */ = {isa = PBXFileReference; lastKnownFileType = sourcecode.swift; path = AppDelegate.swift; sourceTree = "<group>"; };
		E52E0F561C0BF95000345771 /* LDWOpalDocument.swift */ = {isa = PBXFileReference; lastKnownFileType = sourcecode.swift; path = LDWOpalDocument.swift; sourceTree = "<group>"; };
		E52E0F591C0BF95000345771 /* Base */ = {isa = PBXFileReference; lastKnownFileType = file.xib; name = Base; path = Base.lproj/LDWOpalDocument.xib; sourceTree = "<group>"; };
		E52E0F5B1C0BF95000345771 /* Assets.xcassets */ = {isa = PBXFileReference; lastKnownFileType = folder.assetcatalog; path = Assets.xcassets; sourceTree = "<group>"; };
		E52E0F5E1C0BF95000345771 /* Base */ = {isa = PBXFileReference; lastKnownFileType = file.xib; name = Base; path = Base.lproj/MainMenu.xib; sourceTree = "<group>"; };
		E52E0F601C0BF95000345771 /* Info.plist */ = {isa = PBXFileReference; lastKnownFileType = text.plist.xml; path = Info.plist; sourceTree = "<group>"; };
		E56680791C0FC80700B67B8A /* OpalStability-Bridging-Header.h */ = {isa = PBXFileReference; lastKnownFileType = sourcecode.c.h; path = "OpalStability-Bridging-Header.h"; sourceTree = "<group>"; };
		E566807D1C0FCAD000B67B8A /* LDWOpalData.swift */ = {isa = PBXFileReference; fileEncoding = 4; lastKnownFileType = sourcecode.swift; path = LDWOpalData.swift; sourceTree = "<group>"; };
		E59FFB851C17AFC100EDB825 /* LabBot.framework */ = {isa = PBXFileReference; lastKnownFileType = wrapper.framework; name = LabBot.framework; path = ../../../Library/Frameworks/LabBot.framework; sourceTree = "<group>"; };
/* End PBXFileReference section */

/* Begin PBXFrameworksBuildPhase section */
		E52E0F4E1C0BF94F00345771 /* Frameworks */ = {
			isa = PBXFrameworksBuildPhase;
			buildActionMask = 2147483647;
			files = (
				E59FFB861C17AFC100EDB825 /* LabBot.framework in Frameworks */,
			);
			runOnlyForDeploymentPostprocessing = 0;
		};
/* End PBXFrameworksBuildPhase section */

/* Begin PBXGroup section */
		E52E0F481C0BF94F00345771 = {
			isa = PBXGroup;
			children = (
				E59FFB851C17AFC100EDB825 /* LabBot.framework */,
				E52E0F531C0BF94F00345771 /* OpalStability */,
				E52E0F521C0BF94F00345771 /* Products */,
			);
			sourceTree = "<group>";
		};
		E52E0F521C0BF94F00345771 /* Products */ = {
			isa = PBXGroup;
			children = (
				E52E0F511C0BF94F00345771 /* OpalStability.app */,
			);
			name = Products;
			sourceTree = "<group>";
		};
		E52E0F531C0BF94F00345771 /* OpalStability */ = {
			isa = PBXGroup;
			children = (
				E56680791C0FC80700B67B8A /* OpalStability-Bridging-Header.h */,
				E52E0F541C0BF95000345771 /* AppDelegate.swift */,
				E5067B301C0FE40E00C7C081 /* LDWHDF5Dataset.swift */,
				E566807D1C0FCAD000B67B8A /* LDWOpalData.swift */,
				E52E0F561C0BF95000345771 /* LDWOpalDocument.swift */,
				E52E0F581C0BF95000345771 /* LDWOpalDocument.xib */,
				E52E0F5B1C0BF95000345771 /* Assets.xcassets */,
				E52E0F5D1C0BF95000345771 /* MainMenu.xib */,
				E52E0F601C0BF95000345771 /* Info.plist */,
			);
			path = OpalStability;
			sourceTree = "<group>";
		};
/* End PBXGroup section */

/* Begin PBXNativeTarget section */
		E52E0F501C0BF94F00345771 /* OpalStability */ = {
			isa = PBXNativeTarget;
			buildConfigurationList = E52E0F631C0BF95000345771 /* Build configuration list for PBXNativeTarget "OpalStability" */;
			buildPhases = (
				E52E0F4D1C0BF94F00345771 /* Sources */,
				E52E0F661C0BF97100345771 /* ShellScript */,
				E52E0F4E1C0BF94F00345771 /* Frameworks */,
				E52E0F4F1C0BF94F00345771 /* Resources */,
			);
			buildRules = (
			);
			dependencies = (
			);
			name = OpalStability;
			productName = OpalStability;
			productReference = E52E0F511C0BF94F00345771 /* OpalStability.app */;
			productType = "com.apple.product-type.application";
		};
/* End PBXNativeTarget section */

/* Begin PBXProject section */
		E52E0F491C0BF94F00345771 /* Project object */ = {
			isa = PBXProject;
			attributes = {
				LastSwiftUpdateCheck = 0710;
				LastUpgradeCheck = 0710;
				ORGANIZATIONNAME = "Lee David Walsh";
				TargetAttributes = {
					E52E0F501C0BF94F00345771 = {
						CreatedOnToolsVersion = 7.1.1;
					};
				};
			};
			buildConfigurationList = E52E0F4C1C0BF94F00345771 /* Build configuration list for PBXProject "OpalStability" */;
			compatibilityVersion = "Xcode 3.2";
			developmentRegion = English;
			hasScannedForEncodings = 0;
			knownRegions = (
				en,
				Base,
			);
			mainGroup = E52E0F481C0BF94F00345771;
			productRefGroup = E52E0F521C0BF94F00345771 /* Products */;
			projectDirPath = "";
			projectRoot = "";
			targets = (
				E52E0F501C0BF94F00345771 /* OpalStability */,
			);
		};
/* End PBXProject section */

/* Begin PBXResourcesBuildPhase section */
		E52E0F4F1C0BF94F00345771 /* Resources */ = {
			isa = PBXResourcesBuildPhase;
			buildActionMask = 2147483647;
			files = (
				E52E0F5C1C0BF95000345771 /* Assets.xcassets in Resources */,
				E52E0F5A1C0BF95000345771 /* LDWOpalDocument.xib in Resources */,
				E52E0F5F1C0BF95000345771 /* MainMenu.xib in Resources */,
			);
			runOnlyForDeploymentPostprocessing = 0;
		};
/* End PBXResourcesBuildPhase section */

/* Begin PBXShellScriptBuildPhase section */
		E52E0F661C0BF97100345771 /* ShellScript */ = {
			isa = PBXShellScriptBuildPhase;
			buildActionMask = 2147483647;
			files = (
			);
			inputPaths = (
			);
			outputPaths = (
			);
			runOnlyForDeploymentPostprocessing = 0;
			shellPath = /bin/sh;
			shellScript = "${PROJECT_DIR}/tools/incBuildNum.sh \"${PROJECT_DIR}/${INFOPLIST_FILE}\" \"${PROJECT_DIR}\"";
		};
/* End PBXShellScriptBuildPhase section */

/* Begin PBXSourcesBuildPhase section */
		E52E0F4D1C0BF94F00345771 /* Sources */ = {
			isa = PBXSourcesBuildPhase;
			buildActionMask = 2147483647;
			files = (
				E52E0F571C0BF95000345771 /* LDWOpalDocument.swift in Sources */,
				E566807E1C0FCAD000B67B8A /* LDWOpalData.swift in Sources */,
				E52E0F551C0BF95000345771 /* AppDelegate.swift in Sources */,
				E5067B311C0FE40E00C7C081 /* LDWHDF5Dataset.swift in Sources */,
			);
			runOnlyForDeploymentPostprocessing = 0;
		};
/* End PBXSourcesBuildPhase section */

/* Begin PBXVariantGroup section */
		E52E0F581C0BF95000345771 /* LDWOpalDocument.xib */ = {
			isa = PBXVariantGroup;
			children = (
				E52E0F591C0BF95000345771 /* Base */,
			);
			name = LDWOpalDocument.xib;
			sourceTree = "<group>";
		};
		E52E0F5D1C0BF95000345771 /* MainMenu.xib */ = {
			isa = PBXVariantGroup;
			children = (
				E52E0F5E1C0BF95000345771 /* Base */,
			);
			name = MainMenu.xib;
			sourceTree = "<group>";
		};
/* End PBXVariantGroup section */

/* Begin XCBuildConfiguration section */
		E52E0F611C0BF95000345771 /* Debug */ = {
			isa = XCBuildConfiguration;
			buildSettings = {
				ALWAYS_SEARCH_USER_PATHS = NO;
				CLANG_CXX_LANGUAGE_STANDARD = "gnu++0x";
				CLANG_CXX_LIBRARY = "libc++";
				CLANG_ENABLE_MODULES = YES;
				CLANG_ENABLE_OBJC_ARC = YES;
				CLANG_WARN_BOOL_CONVERSION = YES;
				CLANG_WARN_CONSTANT_CONVERSION = YES;
				CLANG_WARN_DIRECT_OBJC_ISA_USAGE = YES_ERROR;
				CLANG_WARN_EMPTY_BODY = YES;
				CLANG_WARN_ENUM_CONVERSION = YES;
				CLANG_WARN_INT_CONVERSION = YES;
				CLANG_WARN_OBJC_ROOT_CLASS = YES_ERROR;
				CLANG_WARN_UNREACHABLE_CODE = YES;
				CLANG_WARN__DUPLICATE_METHOD_MATCH = YES;
				CODE_SIGN_IDENTITY = "-";
				COPY_PHASE_STRIP = NO;
				DEBUG_INFORMATION_FORMAT = dwarf;
				ENABLE_STRICT_OBJC_MSGSEND = YES;
				ENABLE_TESTABILITY = YES;
				GCC_C_LANGUAGE_STANDARD = gnu99;
				GCC_DYNAMIC_NO_PIC = NO;
				GCC_NO_COMMON_BLOCKS = YES;
				GCC_OPTIMIZATION_LEVEL = 0;
				GCC_PREPROCESSOR_DEFINITIONS = (
					"DEBUG=1",
					"$(inherited)",
				);
				GCC_WARN_64_TO_32_BIT_CONVERSION = YES;
				GCC_WARN_ABOUT_RETURN_TYPE = YES_ERROR;
				GCC_WARN_UNDECLARED_SELECTOR = YES;
				GCC_WARN_UNINITIALIZED_AUTOS = YES_AGGRESSIVE;
				GCC_WARN_UNUSED_FUNCTION = YES;
				GCC_WARN_UNUSED_VARIABLE = YES;
				MACOSX_DEPLOYMENT_TARGET = 10.11;
				MTL_ENABLE_DEBUG_INFO = YES;
				ONLY_ACTIVE_ARCH = YES;
				SDKROOT = macosx;
				SWIFT_OPTIMIZATION_LEVEL = "-Onone";
			};
			name = Debug;
		};
		E52E0F621C0BF95000345771 /* Release */ = {
			isa = XCBuildConfiguration;
			buildSettings = {
				ALWAYS_SEARCH_USER_PATHS = NO;
				CLANG_CXX_LANGUAGE_STANDARD = "gnu++0x";
				CLANG_CXX_LIBRARY = "libc++";
				CLANG_ENABLE_MODULES = YES;
				CLANG_ENABLE_OBJC_ARC = YES;
				CLANG_WARN_BOOL_CONVERSION = YES;
				CLANG_WARN_CONSTANT_CONVERSION = YES;
				CLANG_WARN_DIRECT_OBJC_ISA_USAGE = YES_ERROR;
				CLANG_WARN_EMPTY_BODY = YES;
				CLANG_WARN_ENUM_CONVERSION = YES;
				CLANG_WARN_INT_CONVERSION = YES;
				CLANG_WARN_OBJC_ROOT_CLASS = YES_ERROR;
				CLANG_WARN_UNREACHABLE_CODE = YES;
				CLANG_WARN__DUPLICATE_METHOD_MATCH = YES;
				CODE_SIGN_IDENTITY = "-";
				COPY_PHASE_STRIP = NO;
				DEBUG_INFORMATION_FORMAT = "dwarf-with-dsym";
				ENABLE_NS_ASSERTIONS = NO;
				ENABLE_STRICT_OBJC_MSGSEND = YES;
				GCC_C_LANGUAGE_STANDARD = gnu99;
				GCC_NO_COMMON_BLOCKS = YES;
				GCC_WARN_64_TO_32_BIT_CONVERSION = YES;
				GCC_WARN_ABOUT_RETURN_TYPE = YES_ERROR;
				GCC_WARN_UNDECLARED_SELECTOR = YES;
				GCC_WARN_UNINITIALIZED_AUTOS = YES_AGGRESSIVE;
				GCC_WARN_UNUSED_FUNCTION = YES;
				GCC_WARN_UNUSED_VARIABLE = YES;
				MACOSX_DEPLOYMENT_TARGET = 10.11;
				MTL_ENABLE_DEBUG_INFO = NO;
				SDKROOT = macosx;
			};
			name = Release;
		};
		E52E0F641C0BF95000345771 /* Debug */ = {
			isa = XCBuildConfiguration;
			buildSettings = {
				ASSETCATALOG_COMPILER_APPICON_NAME = AppIcon;
				CLANG_ENABLE_MODULES = YES;
				COMBINE_HIDPI_IMAGES = YES;
				FRAMEWORK_SEARCH_PATHS = (
					"$(inherited)",
					"$(USER_LIBRARY_DIR)/Frameworks",
				);
				INFOPLIST_FILE = OpalStability/Info.plist;
				LD_RUNPATH_SEARCH_PATHS = "$(inherited) @executable_path/../Frameworks";
				LIBRARY_SEARCH_PATHS = /usr/local/lib;
				OTHER_LDFLAGS = (
					"-lhdf5",
					"-lhdf5_hl",
				);
				PRODUCT_BUNDLE_IDENTIFIER = LDW.OpalStability;
				PRODUCT_NAME = "$(TARGET_NAME)";
				SWIFT_OBJC_BRIDGING_HEADER = "OpalStability/OpalStability-Bridging-Header.h";
				SWIFT_OPTIMIZATION_LEVEL = "-Onone";
			};
			name = Debug;
		};
		E52E0F651C0BF95000345771 /* Release */ = {
			isa = XCBuildConfiguration;
			buildSettings = {
				ASSETCATALOG_COMPILER_APPICON_NAME = AppIcon;
				CLANG_ENABLE_MODULES = YES;
				COMBINE_HIDPI_IMAGES = YES;
				FRAMEWORK_SEARCH_PATHS = (
					"$(inherited)",
					"$(USER_LIBRARY_DIR)/Frameworks",
				);
				INFOPLIST_FILE = OpalStability/Info.plist;
				LD_RUNPATH_SEARCH_PATHS = "$(inherited) @executable_path/../Frameworks";
				LIBRARY_SEARCH_PATHS = /usr/local/lib;
				OTHER_LDFLAGS = (
					"-lhdf5",
					"-lhdf5_hl",
				);
				PRODUCT_BUNDLE_IDENTIFIER = LDW.OpalStability;
				PRODUCT_NAME = "$(TARGET_NAME)";
				SWIFT_OBJC_BRIDGING_HEADER = "OpalStability/OpalStability-Bridging-Header.h";
			};
			name = Release;
		};
/* End XCBuildConfiguration section */

/* Begin XCConfigurationList section */
		E52E0F4C1C0BF94F00345771 /* Build configuration list for PBXProject "OpalStability" */ = {
			isa = XCConfigurationList;
			buildConfigurations = (
				E52E0F611C0BF95000345771 /* Debug */,
				E52E0F621C0BF95000345771 /* Release */,
			);
			defaultConfigurationIsVisible = 0;
			defaultConfigurationName = Release;
		};
		E52E0F631C0BF95000345771 /* Build configuration list for PBXNativeTarget "OpalStability" */ = {
			isa = XCConfigurationList;
			buildConfigurations = (
				E52E0F641C0BF95000345771 /* Debug */,
				E52E0F651C0BF95000345771 /* Release */,
			);
			defaultConfigurationIsVisible = 0;
			defaultConfigurationName = Release;
		};
/* End XCConfigurationList section */
	};
	rootObject = E52E0F491C0BF94F00345771 /* Project object */;
}
